<?xml version="1.0" encoding="utf-8"?>
<Project ToolsVersion="4.0" xmlns="http://schemas.microsoft.com/developer/msbuild/2003">
  <ItemGroup>
    <Filter Include="Source Files">
      <UniqueIdentifier>{4FC737F1-C7A5-4376-A066-2A32D752A2FF}</UniqueIdentifier>
      <Extensions>cpp;c;cc;cxx;def;odl;idl;hpj;bat;asm;asmx</Extensions>
    </Filter>
    <Filter Include="Header Files">
      <UniqueIdentifier>{93995380-89BD-4b04-88EB-625FBE52EBFB}</UniqueIdentifier>
      <Extensions>h;hh;hpp;hxx;hm;inl;inc;xsd</Extensions>
    </Filter>
    <Filter Include="Resource Files">
      <UniqueIdentifier>{67DA6AB6-F800-4c08-8B7A-83BB121AAD01}</UniqueIdentifier>
      <Extensions>rc;ico;cur;bmp;dlg;rc2;rct;bin;rgs;gif;jpg;jpeg;jpe;resx;tiff;tif;png;wav;mfcribbon-ms</Extensions>
    </Filter>
  </ItemGroup>
  <ItemGroup>
    <Text Include="ReadMe.txt" />
  </ItemGroup>
  <ItemGroup>
    <ClInclude Include="stdafx.h">
      <Filter>Header Files</Filter>
    </ClInclude>
    <ClInclude Include="targetver.h">
      <Filter>Header Files</Filter>
    </ClInclude>
    <ClInclude Include="OXGame.h">
      <Filter>Header Files</Filter>
    </ClInclude>
    <ClInclude Include="OXLog.h">
      <Filter>Header Files</Filter>
    </ClInclude>
    <ClInclude Include="OXPlayer.h">
      <Filter>Header Files</Filter>
    </ClInclude>
    <ClInclude Include="OXTypes.h">
      <Filter>Header Files</Filter>
    </ClInclude>
    <ClInclude Include="Random.h">
      <Filter>Header Files</Filter>
    </ClInclude>
    <ClInclude Include="Resource.h">
      <Filter>Header Files</Filter>
    </ClInclude>
    <ClInclude Include="Timer.h">
      <Filter>Header Files</Filter>
    </ClInclude>
    <ClInclude Include="AISimple.h">
      <Filter>Header Files</Filter>
    </ClInclude>
    <ClInclude Include="AICarbon.h">
      <Filter>Header Files</Filter>
    </ClInclude>
    <ClInclude Include="AICarbonHash.h">
      <Filter>Header Files</Filter>
    </ClInclude>
    <ClInclude Include="communicator.h">
      <Filter>Header Files</Filter>
    </ClInclude>
    <ClInclude Include="stopwatch.h">
      <Filter>Header Files</Filter>
    </ClInclude>
    <ClInclude Include="TimeManager.h">
      <Filter>Header Files</Filter>
    </ClInclude>
    <ClInclude Include="CarbonGomocupEngine.h">
      <Filter>Header Files</Filter>
    </ClInclude>
  </ItemGroup>
  <ItemGroup>
    <ClCompile Include="stdafx.cpp">
      <Filter>Source Files</Filter>
    </ClCompile>
    <ClCompile Include="Carbon-Gomoku.cpp">
      <Filter>Source Files</Filter>
    </ClCompile>
    <ClCompile Include="AICarbon.cpp">
      <Filter>Source Files</Filter>
    </ClCompile>
    <ClCompile Include="AICarbonMove.cpp">
      <Filter>Source Files</Filter>
    </ClCompile>
    <ClCompile Include="AISimple.cpp">
      <Filter>Source Files</Filter>
    </ClCompile>
    <ClCompile Include="CONFIG.CPP">
      <Filter>Source Files</Filter>
    </ClCompile>
    <ClCompile Include="COUNT5.CPP">
      <Filter>Source Files</Filter>
    </ClCompile>
    <ClCompile Include="hashValA.cpp">
      <Filter>Source Files</Filter>
    </ClCompile>
    <ClCompile Include="hashValB.cpp">
      <Filter>Source Files</Filter>
    </ClCompile>
    <ClCompile Include="hashValC.cpp">
      <Filter>Source Files</Filter>
    </ClCompile>
    <ClCompile Include="OXGame.cpp">
      <Filter>Source Files</Filter>
    </ClCompile>
    <ClCompile Include="PRIOR3.CPP">
      <Filter>Source Files</Filter>
    </ClCompile>
    <ClCompile Include="Random.cpp">
      <Filter>Source Files</Filter>
    </ClCompile>
    <ClCompile Include="STATUS1.CPP">
      <Filter>Source Files</Filter>
    </ClCompile>
    <ClCompile Include="communicator.cpp">
      <Filter>Source Files</Filter>
    </ClCompile>
    <ClCompile Include="stopwatch.cpp">
      <Filter>Source Files</Filter>
    </ClCompile>
    <ClCompile Include="TimeManager.cpp">
      <Filter>Source Files</Filter>
    </ClCompile>
    <ClCompile Include="CarbonGomocupEngine.cpp">
      <Filter>Source Files</Filter>
    </ClCompile>
  </ItemGroup>
</Project>